{
  "lockfileVersion": 1,
  "configVersion": 1,
  "workspaces": {
    "": {
      "name": "mind",
      "dependencies": {
        "deus-ex-synapse": "github:Deus-Ex-Crustacean/Synapse",
      },
    },
  },
  "packages": {
    "deus-ex-synapse": ["deus-ex-synapse@github:Deus-Ex-Crustacean/Synapse#918ce42", {}, "Deus-Ex-Crustacean-Synapse-918ce42", "sha512-VUs6R0kaLPh/NgeAp8VZe0lJKXZDqTwUgfY6YZnbs93rI4otp2BrbBQZCu7vV1tCcqnuCIU5V75M2KixmkVTjA=="],
  }
}
