{
  "lockfileVersion": 1,
  "configVersion": 1,
  "workspaces": {
    "": {
      "name": "mind",
      "dependencies": {
        "deus-ex-synapse": "github:Deus-Ex-Crustacean/Synapse",
      },
    },
  },
  "packages": {
    "deus-ex-synapse": ["deus-ex-synapse@github:Deus-Ex-Crustacean/Synapse#df3e001", {}, "Deus-Ex-Crustacean-Synapse-df3e001", "sha512-kP/R7Ev8AgkcSGSt+4shZGo4pNbTXw2TLbjD1Q/LuYezd+CMKwNCNhzLMpE/GYBMV4g3zXwRvBo7DyAmV5HwtA=="],
  }
}
